
Microsoft Visual Studio Solution File, Format Version 12.00
# Visual Studio Version 16
VisualStudioVersion = 16.0.30717.126
MinimumVisualStudioVersion = 10.0.40219.1
Project("{FAE04EC0-301F-11D3-BF4B-00C04F79EFBC}") = "MVCProject.Entities", "MVCProject.Entities\MVCProject.Entities.csproj", "{118FE274-6CE2-4729-BE23-89083A113D59}"
EndProject
Project("{FAE04EC0-301F-11D3-BF4B-00C04F79EFBC}") = "MVCProject.DAL", "MVCProject.DAL\MVCProject.DAL.csproj", "{87A4E4FA-ECED-4944-8BFD-D5A6B852060E}"
EndProject
Project("{FAE04EC0-301F-11D3-BF4B-00C04F79EFBC}") = "MVCProject.BLL", "MVCProject.BLL\MVCProject.BLL.csproj", "{15227E82-946A-49E9-80AC-337E8D97B46A}"
EndProject
Project("{FAE04EC0-301F-11D3-BF4B-00C04F79EFBC}") = "MVCProject.WebUI", "MVCProject.WebUI\MVCProject.WebUI.csproj", "{27774769-98D2-4C4C-A9F8-C410EF32CD11}"
EndProject
Project("{FAE04EC0-301F-11D3-BF4B-00C04F79EFBC}") = "MVCProject.Common", "MVCProject.Common\MVCProject.Common.csproj", "{CF376057-FE50-4A2E-9BD6-4C75F0FB5754}"
EndProject
Global
	GlobalSection(SolutionConfigurationPlatforms) = preSolution
		Debug|Android = Debug|Android
		Debug|Any CPU = Debug|Any CPU
		Debug|iOS = Debug|iOS
		Debug|Windows-AnyCPU = Debug|Windows-AnyCPU
		Debug|Windows-ARM = Debug|Windows-ARM
		Debug|Windows-x64 = Debug|Windows-x64
		Debug|Windows-x86 = Debug|Windows-x86
		Release|Android = Release|Android
		Release|Any CPU = Release|Any CPU
		Release|iOS = Release|iOS
		Release|Windows-AnyCPU = Release|Windows-AnyCPU
		Release|Windows-ARM = Release|Windows-ARM
		Release|Windows-x64 = Release|Windows-x64
		Release|Windows-x86 = Release|Windows-x86
	EndGlobalSection
	GlobalSection(ProjectConfigurationPlatforms) = postSolution
		{118FE274-6CE2-4729-BE23-89083A113D59}.Debug|Android.ActiveCfg = Debug|Any CPU
		{118FE274-6CE2-4729-BE23-89083A113D59}.Debug|Android.Build.0 = Debug|Any CPU
		{118FE274-6CE2-4729-BE23-89083A113D59}.Debug|Any CPU.ActiveCfg = Debug|Any CPU
		{118FE274-6CE2-4729-BE23-89083A113D59}.Debug|Any CPU.Build.0 = Debug|Any CPU
		{118FE274-6CE2-4729-BE23-89083A113D59}.Debug|iOS.ActiveCfg = Debug|Any CPU
		{118FE274-6CE2-4729-BE23-89083A113D59}.Debug|iOS.Build.0 = Debug|Any CPU
		{118FE274-6CE2-4729-BE23-89083A113D59}.Debug|Windows-AnyCPU.ActiveCfg = Debug|Any CPU
		{118FE274-6CE2-4729-BE23-89083A113D59}.Debug|Windows-AnyCPU.Build.0 = Debug|Any CPU
		{118FE274-6CE2-4729-BE23-89083A113D59}.Debug|Windows-ARM.ActiveCfg = Debug|Any CPU
		{118FE274-6CE2-4729-BE23-89083A113D59}.Debug|Windows-ARM.Build.0 = Debug|Any CPU
		{118FE274-6CE2-4729-BE23-89083A113D59}.Debug|Windows-x64.ActiveCfg = Debug|Any CPU
		{118FE274-6CE2-4729-BE23-89083A113D59}.Debug|Windows-x64.Build.0 = Debug|Any CPU
		{118FE274-6CE2-4729-BE23-89083A113D59}.Debug|Windows-x86.ActiveCfg = Debug|Any CPU
		{118FE274-6CE2-4729-BE23-89083A113D59}.Debug|Windows-x86.Build.0 = Debug|Any CPU
		{118FE274-6CE2-4729-BE23-89083A113D59}.Release|Android.ActiveCfg = Release|Any CPU
		{118FE274-6CE2-4729-BE23-89083A113D59}.Release|Android.Build.0 = Release|Any CPU
		{118FE274-6CE2-4729-BE23-89083A113D59}.Release|Any CPU.ActiveCfg = Release|Any CPU
		{118FE274-6CE2-4729-BE23-89083A113D59}.Release|Any CPU.Build.0 = Release|Any CPU
		{118FE274-6CE2-4729-BE23-89083A113D59}.Release|iOS.ActiveCfg = Release|Any CPU
		{118FE274-6CE2-4729-BE23-89083A113D59}.Release|iOS.Build.0 = Release|Any CPU
		{118FE274-6CE2-4729-BE23-89083A113D59}.Release|Windows-AnyCPU.ActiveCfg = Release|Any CPU
		{118FE274-6CE2-4729-BE23-89083A113D59}.Release|Windows-AnyCPU.Build.0 = Release|Any CPU
		{118FE274-6CE2-4729-BE23-89083A113D59}.Release|Windows-ARM.ActiveCfg = Release|Any CPU
		{118FE274-6CE2-4729-BE23-89083A113D59}.Release|Windows-ARM.Build.0 = Release|Any CPU
		{118FE274-6CE2-4729-BE23-89083A113D59}.Release|Windows-x64.ActiveCfg = Release|Any CPU
		{118FE274-6CE2-4729-BE23-89083A113D59}.Release|Windows-x64.Build.0 = Release|Any CPU
		{118FE274-6CE2-4729-BE23-89083A113D59}.Release|Windows-x86.ActiveCfg = Release|Any CPU
		{118FE274-6CE2-4729-BE23-89083A113D59}.Release|Windows-x86.Build.0 = Release|Any CPU
		{87A4E4FA-ECED-4944-8BFD-D5A6B852060E}.Debug|Android.ActiveCfg = Debug|Any CPU
		{87A4E4FA-ECED-4944-8BFD-D5A6B852060E}.Debug|Android.Build.0 = Debug|Any CPU
		{87A4E4FA-ECED-4944-8BFD-D5A6B852060E}.Debug|Any CPU.ActiveCfg = Debug|Any CPU
		{87A4E4FA-ECED-4944-8BFD-D5A6B852060E}.Debug|Any CPU.Build.0 = Debug|Any CPU
		{87A4E4FA-ECED-4944-8BFD-D5A6B852060E}.Debug|iOS.ActiveCfg = Debug|Any CPU
		{87A4E4FA-ECED-4944-8BFD-D5A6B852060E}.Debug|iOS.Build.0 = Debug|Any CPU
		{87A4E4FA-ECED-4944-8BFD-D5A6B852060E}.Debug|Windows-AnyCPU.ActiveCfg = Debug|Any CPU
		{87A4E4FA-ECED-4944-8BFD-D5A6B852060E}.Debug|Windows-AnyCPU.Build.0 = Debug|Any CPU
		{87A4E4FA-ECED-4944-8BFD-D5A6B852060E}.Debug|Windows-ARM.ActiveCfg = Debug|Any CPU
		{87A4E4FA-ECED-4944-8BFD-D5A6B852060E}.Debug|Windows-ARM.Build.0 = Debug|Any CPU
		{87A4E4FA-ECED-4944-8BFD-D5A6B852060E}.Debug|Windows-x64.ActiveCfg = Debug|Any CPU
		{87A4E4FA-ECED-4944-8BFD-D5A6B852060E}.Debug|Windows-x64.Build.0 = Debug|Any CPU
		{87A4E4FA-ECED-4944-8BFD-D5A6B852060E}.Debug|Windows-x86.ActiveCfg = Debug|Any CPU
		{87A4E4FA-ECED-4944-8BFD-D5A6B852060E}.Debug|Windows-x86.Build.0 = Debug|Any CPU
		{87A4E4FA-ECED-4944-8BFD-D5A6B852060E}.Release|Android.ActiveCfg = Release|Any CPU
		{87A4E4FA-ECED-4944-8BFD-D5A6B852060E}.Release|Android.Build.0 = Release|Any CPU
		{87A4E4FA-ECED-4944-8BFD-D5A6B852060E}.Release|Any CPU.ActiveCfg = Release|Any CPU
		{87A4E4FA-ECED-4944-8BFD-D5A6B852060E}.Release|Any CPU.Build.0 = Release|Any CPU
		{87A4E4FA-ECED-4944-8BFD-D5A6B852060E}.Release|iOS.ActiveCfg = Release|Any CPU
		{87A4E4FA-ECED-4944-8BFD-D5A6B852060E}.Release|iOS.Build.0 = Release|Any CPU
		{87A4E4FA-ECED-4944-8BFD-D5A6B852060E}.Release|Windows-AnyCPU.ActiveCfg = Release|Any CPU
		{87A4E4FA-ECED-4944-8BFD-D5A6B852060E}.Release|Windows-AnyCPU.Build.0 = Release|Any CPU
		{87A4E4FA-ECED-4944-8BFD-D5A6B852060E}.Release|Windows-ARM.ActiveCfg = Release|Any CPU
		{87A4E4FA-ECED-4944-8BFD-D5A6B852060E}.Release|Windows-ARM.Build.0 = Release|Any CPU
		{87A4E4FA-ECED-4944-8BFD-D5A6B852060E}.Release|Windows-x64.ActiveCfg = Release|Any CPU
		{87A4E4FA-ECED-4944-8BFD-D5A6B852060E}.Release|Windows-x64.Build.0 = Release|Any CPU
		{87A4E4FA-ECED-4944-8BFD-D5A6B852060E}.Release|Windows-x86.ActiveCfg = Release|Any CPU
		{87A4E4FA-ECED-4944-8BFD-D5A6B852060E}.Release|Windows-x86.Build.0 = Release|Any CPU
		{15227E82-946A-49E9-80AC-337E8D97B46A}.Debug|Android.ActiveCfg = Debug|Any CPU
		{15227E82-946A-49E9-80AC-337E8D97B46A}.Debug|Android.Build.0 = Debug|Any CPU
		{15227E82-946A-49E9-80AC-337E8D97B46A}.Debug|Any CPU.ActiveCfg = Debug|Any CPU
		{15227E82-946A-49E9-80AC-337E8D97B46A}.Debug|Any CPU.Build.0 = Debug|Any CPU
		{15227E82-946A-49E9-80AC-337E8D97B46A}.Debug|iOS.ActiveCfg = Debug|Any CPU
		{15227E82-946A-49E9-80AC-337E8D97B46A}.Debug|iOS.Build.0 = Debug|Any CPU
		{15227E82-946A-49E9-80AC-337E8D97B46A}.Debug|Windows-AnyCPU.ActiveCfg = Debug|Any CPU
		{15227E82-946A-49E9-80AC-337E8D97B46A}.Debug|Windows-AnyCPU.Build.0 = Debug|Any CPU
		{15227E82-946A-49E9-80AC-337E8D97B46A}.Debug|Windows-ARM.ActiveCfg = Debug|Any CPU
		{15227E82-946A-49E9-80AC-337E8D97B46A}.Debug|Windows-ARM.Build.0 = Debug|Any CPU
		{15227E82-946A-49E9-80AC-337E8D97B46A}.Debug|Windows-x64.ActiveCfg = Debug|Any CPU
		{15227E82-946A-49E9-80AC-337E8D97B46A}.Debug|Windows-x64.Build.0 = Debug|Any CPU
		{15227E82-946A-49E9-80AC-337E8D97B46A}.Debug|Windows-x86.ActiveCfg = Debug|Any CPU
		{15227E82-946A-49E9-80AC-337E8D97B46A}.Debug|Windows-x86.Build.0 = Debug|Any CPU
		{15227E82-946A-49E9-80AC-337E8D97B46A}.Release|Android.ActiveCfg = Release|Any CPU
		{15227E82-946A-49E9-80AC-337E8D97B46A}.Release|Android.Build.0 = Release|Any CPU
		{15227E82-946A-49E9-80AC-337E8D97B46A}.Release|Any CPU.ActiveCfg = Release|Any CPU
		{15227E82-946A-49E9-80AC-337E8D97B46A}.Release|Any CPU.Build.0 = Release|Any CPU
		{15227E82-946A-49E9-80AC-337E8D97B46A}.Release|iOS.ActiveCfg = Release|Any CPU
		{15227E82-946A-49E9-80AC-337E8D97B46A}.Release|iOS.Build.0 = Release|Any CPU
		{15227E82-946A-49E9-80AC-337E8D97B46A}.Release|Windows-AnyCPU.ActiveCfg = Release|Any CPU
		{15227E82-946A-49E9-80AC-337E8D97B46A}.Release|Windows-AnyCPU.Build.0 = Release|Any CPU
		{15227E82-946A-49E9-80AC-337E8D97B46A}.Release|Windows-ARM.ActiveCfg = Release|Any CPU
		{15227E82-946A-49E9-80AC-337E8D97B46A}.Release|Windows-ARM.Build.0 = Release|Any CPU
		{15227E82-946A-49E9-80AC-337E8D97B46A}.Release|Windows-x64.ActiveCfg = Release|Any CPU
		{15227E82-946A-49E9-80AC-337E8D97B46A}.Release|Windows-x64.Build.0 = Release|Any CPU
		{15227E82-946A-49E9-80AC-337E8D97B46A}.Release|Windows-x86.ActiveCfg = Release|Any CPU
		{15227E82-946A-49E9-80AC-337E8D97B46A}.Release|Windows-x86.Build.0 = Release|Any CPU
		{27774769-98D2-4C4C-A9F8-C410EF32CD11}.Debug|Android.ActiveCfg = Debug|Any CPU
		{27774769-98D2-4C4C-A9F8-C410EF32CD11}.Debug|Android.Build.0 = Debug|Any CPU
		{27774769-98D2-4C4C-A9F8-C410EF32CD11}.Debug|Any CPU.ActiveCfg = Debug|Any CPU
		{27774769-98D2-4C4C-A9F8-C410EF32CD11}.Debug|Any CPU.Build.0 = Debug|Any CPU
		{27774769-98D2-4C4C-A9F8-C410EF32CD11}.Debug|iOS.ActiveCfg = Debug|Any CPU
		{27774769-98D2-4C4C-A9F8-C410EF32CD11}.Debug|iOS.Build.0 = Debug|Any CPU
		{27774769-98D2-4C4C-A9F8-C410EF32CD11}.Debug|Windows-AnyCPU.ActiveCfg = Debug|Any CPU
		{27774769-98D2-4C4C-A9F8-C410EF32CD11}.Debug|Windows-AnyCPU.Build.0 = Debug|Any CPU
		{27774769-98D2-4C4C-A9F8-C410EF32CD11}.Debug|Windows-ARM.ActiveCfg = Debug|Any CPU
		{27774769-98D2-4C4C-A9F8-C410EF32CD11}.Debug|Windows-ARM.Build.0 = Debug|Any CPU
		{27774769-98D2-4C4C-A9F8-C410EF32CD11}.Debug|Windows-x64.ActiveCfg = Debug|Any CPU
		{27774769-98D2-4C4C-A9F8-C410EF32CD11}.Debug|Windows-x64.Build.0 = Debug|Any CPU
		{27774769-98D2-4C4C-A9F8-C410EF32CD11}.Debug|Windows-x86.ActiveCfg = Debug|Any CPU
		{27774769-98D2-4C4C-A9F8-C410EF32CD11}.Debug|Windows-x86.Build.0 = Debug|Any CPU
		{27774769-98D2-4C4C-A9F8-C410EF32CD11}.Release|Android.ActiveCfg = Release|Any CPU
		{27774769-98D2-4C4C-A9F8-C410EF32CD11}.Release|Android.Build.0 = Release|Any CPU
		{27774769-98D2-4C4C-A9F8-C410EF32CD11}.Release|Any CPU.ActiveCfg = Release|Any CPU
		{27774769-98D2-4C4C-A9F8-C410EF32CD11}.Release|Any CPU.Build.0 = Release|Any CPU
		{27774769-98D2-4C4C-A9F8-C410EF32CD11}.Release|iOS.ActiveCfg = Release|Any CPU
		{27774769-98D2-4C4C-A9F8-C410EF32CD11}.Release|iOS.Build.0 = Release|Any CPU
		{27774769-98D2-4C4C-A9F8-C410EF32CD11}.Release|Windows-AnyCPU.ActiveCfg = Release|Any CPU
		{27774769-98D2-4C4C-A9F8-C410EF32CD11}.Release|Windows-AnyCPU.Build.0 = Release|Any CPU
		{27774769-98D2-4C4C-A9F8-C410EF32CD11}.Release|Windows-ARM.ActiveCfg = Release|Any CPU
		{27774769-98D2-4C4C-A9F8-C410EF32CD11}.Release|Windows-ARM.Build.0 = Release|Any CPU
		{27774769-98D2-4C4C-A9F8-C410EF32CD11}.Release|Windows-x64.ActiveCfg = Release|Any CPU
		{27774769-98D2-4C4C-A9F8-C410EF32CD11}.Release|Windows-x64.Build.0 = Release|Any CPU
		{27774769-98D2-4C4C-A9F8-C410EF32CD11}.Release|Windows-x86.ActiveCfg = Release|Any CPU
		{27774769-98D2-4C4C-A9F8-C410EF32CD11}.Release|Windows-x86.Build.0 = Release|Any CPU
		{CF376057-FE50-4A2E-9BD6-4C75F0FB5754}.Debug|Android.ActiveCfg = Debug|Any CPU
		{CF376057-FE50-4A2E-9BD6-4C75F0FB5754}.Debug|Android.Build.0 = Debug|Any CPU
		{CF376057-FE50-4A2E-9BD6-4C75F0FB5754}.Debug|Any CPU.ActiveCfg = Debug|Any CPU
		{CF376057-FE50-4A2E-9BD6-4C75F0FB5754}.Debug|Any CPU.Build.0 = Debug|Any CPU
		{CF376057-FE50-4A2E-9BD6-4C75F0FB5754}.Debug|iOS.ActiveCfg = Debug|Any CPU
		{CF376057-FE50-4A2E-9BD6-4C75F0FB5754}.Debug|iOS.Build.0 = Debug|Any CPU
		{CF376057-FE50-4A2E-9BD6-4C75F0FB5754}.Debug|Windows-AnyCPU.ActiveCfg = Debug|Any CPU
		{CF376057-FE50-4A2E-9BD6-4C75F0FB5754}.Debug|Windows-AnyCPU.Build.0 = Debug|Any CPU
		{CF376057-FE50-4A2E-9BD6-4C75F0FB5754}.Debug|Windows-ARM.ActiveCfg = Debug|Any CPU
		{CF376057-FE50-4A2E-9BD6-4C75F0FB5754}.Debug|Windows-ARM.Build.0 = Debug|Any CPU
		{CF376057-FE50-4A2E-9BD6-4C75F0FB5754}.Debug|Windows-x64.ActiveCfg = Debug|Any CPU
		{CF376057-FE50-4A2E-9BD6-4C75F0FB5754}.Debug|Windows-x64.Build.0 = Debug|Any CPU
		{CF376057-FE50-4A2E-9BD6-4C75F0FB5754}.Debug|Windows-x86.ActiveCfg = Debug|Any CPU
		{CF376057-FE50-4A2E-9BD6-4C75F0FB5754}.Debug|Windows-x86.Build.0 = Debug|Any CPU
		{CF376057-FE50-4A2E-9BD6-4C75F0FB5754}.Release|Android.ActiveCfg = Release|Any CPU
		{CF376057-FE50-4A2E-9BD6-4C75F0FB5754}.Release|Android.Build.0 = Release|Any CPU
		{CF376057-FE50-4A2E-9BD6-4C75F0FB5754}.Release|Any CPU.ActiveCfg = Release|Any CPU
		{CF376057-FE50-4A2E-9BD6-4C75F0FB5754}.Release|Any CPU.Build.0 = Release|Any CPU
		{CF376057-FE50-4A2E-9BD6-4C75F0FB5754}.Release|iOS.ActiveCfg = Release|Any CPU
		{CF376057-FE50-4A2E-9BD6-4C75F0FB5754}.Release|iOS.Build.0 = Release|Any CPU
		{CF376057-FE50-4A2E-9BD6-4C75F0FB5754}.Release|Windows-AnyCPU.ActiveCfg = Release|Any CPU
		{CF376057-FE50-4A2E-9BD6-4C75F0FB5754}.Release|Windows-AnyCPU.Build.0 = Release|Any CPU
		{CF376057-FE50-4A2E-9BD6-4C75F0FB5754}.Release|Windows-ARM.ActiveCfg = Release|Any CPU
		{CF376057-FE50-4A2E-9BD6-4C75F0FB5754}.Release|Windows-ARM.Build.0 = Release|Any CPU
		{CF376057-FE50-4A2E-9BD6-4C75F0FB5754}.Release|Windows-x64.ActiveCfg = Release|Any CPU
		{CF376057-FE50-4A2E-9BD6-4C75F0FB5754}.Release|Windows-x64.Build.0 = Release|Any CPU
		{CF376057-FE50-4A2E-9BD6-4C75F0FB5754}.Release|Windows-x86.ActiveCfg = Release|Any CPU
		{CF376057-FE50-4A2E-9BD6-4C75F0FB5754}.Release|Windows-x86.Build.0 = Release|Any CPU
	EndGlobalSection
	GlobalSection(SolutionProperties) = preSolution
		HideSolutionNode = FALSE
	EndGlobalSection
	GlobalSection(ExtensibilityGlobals) = postSolution
		SolutionGuid = {13CEF0DA-6463-49E3-A92D-6C8B8688C2C1}
	EndGlobalSection
EndGlobal
